// !$*UTF8*$!
{
	archiveVersion = 1;
	classes = {
	};
	objectVersion = 46;
	objects = {

/* Begin PBXBuildFile section */
		870446891E00E97800742A9C /* SK4KeyboardObserver.swift in Sources */ = {isa = PBXBuildFile; fileRef = 870446871E00E97800742A9C /* SK4KeyboardObserver.swift */; };
		8704468A1E00E97800742A9C /* SK4KeyboardUserInfo.swift in Sources */ = {isa = PBXBuildFile; fileRef = 870446881E00E97800742A9C /* SK4KeyboardUserInfo.swift */; };
		870EDD231E10BB7700EA3A9F /* SK4UIColorExt.swift in Sources */ = {isa = PBXBuildFile; fileRef = 870EDD221E10BB7700EA3A9F /* SK4UIColorExt.swift */; };
		870F7B281E0DC24B000BB14B /* SK4CollectionExt.swift in Sources */ = {isa = PBXBuildFile; fileRef = 870F7B261E0DC24B000BB14B /* SK4CollectionExt.swift */; };
		870F7B291E0DC24B000BB14B /* SK4UIControlExt.swift in Sources */ = {isa = PBXBuildFile; fileRef = 870F7B271E0DC24B000BB14B /* SK4UIControlExt.swift */; };
		870F7B2C1E0DC27A000BB14B /* SK4TargetAction.swift in Sources */ = {isa = PBXBuildFile; fileRef = 870F7B2A1E0DC27A000BB14B /* SK4TargetAction.swift */; };
		870F7B2D1E0DC27A000BB14B /* SK4TextFieldAdmin.swift in Sources */ = {isa = PBXBuildFile; fileRef = 870F7B2B1E0DC27A000BB14B /* SK4TextFieldAdmin.swift */; };
		87165C881E0DBC3200317F33 /* SK4TableViewAdmin.swift in Sources */ = {isa = PBXBuildFile; fileRef = 87165C861E0DBC3200317F33 /* SK4TableViewAdmin.swift */; };
		87165C891E0DBC3200317F33 /* SK4TableViewSection.swift in Sources */ = {isa = PBXBuildFile; fileRef = 87165C871E0DBC3200317F33 /* SK4TableViewSection.swift */; };
		874288631DFF79E100E13B40 /* SK4Library.framework in Frameworks */ = {isa = PBXBuildFile; fileRef = 874288591DFF79E100E13B40 /* SK4Library.framework */; };
		874288681DFF79E100E13B40 /* SK4LibraryTests.swift in Sources */ = {isa = PBXBuildFile; fileRef = 874288671DFF79E100E13B40 /* SK4LibraryTests.swift */; };
		8742886A1DFF79E100E13B40 /* SK4Library.h in Headers */ = {isa = PBXBuildFile; fileRef = 8742885C1DFF79E100E13B40 /* SK4Library.h */; settings = {ATTRIBUTES = (Public, ); }; };
		874288761DFF7A3700E13B40 /* SK4LeakCheck.swift in Sources */ = {isa = PBXBuildFile; fileRef = 874288731DFF7A3700E13B40 /* SK4LeakCheck.swift */; };
		874288771DFF7A3700E13B40 /* SK4Notify.swift in Sources */ = {isa = PBXBuildFile; fileRef = 874288741DFF7A3700E13B40 /* SK4Notify.swift */; };
		874288781DFF7A3700E13B40 /* SK4PauseFlag.swift in Sources */ = {isa = PBXBuildFile; fileRef = 874288751DFF7A3700E13B40 /* SK4PauseFlag.swift */; };
		8742887C1DFF7A4300E13B40 /* SK4DispatchQueueExt.swift in Sources */ = {isa = PBXBuildFile; fileRef = 874288791DFF7A4300E13B40 /* SK4DispatchQueueExt.swift */; };
		8742887D1DFF7A4300E13B40 /* SK4StringExt.swift in Sources */ = {isa = PBXBuildFile; fileRef = 8742887A1DFF7A4300E13B40 /* SK4StringExt.swift */; };
		8742887E1DFF7A4300E13B40 /* SK4UIBarButtonItemExt.swift in Sources */ = {isa = PBXBuildFile; fileRef = 8742887B1DFF7A4300E13B40 /* SK4UIBarButtonItemExt.swift */; };
		874288821DFF7A4D00E13B40 /* SK4TableViewController.swift in Sources */ = {isa = PBXBuildFile; fileRef = 874288801DFF7A4D00E13B40 /* SK4TableViewController.swift */; };
		874288871DFF7A7800E13B40 /* SK4PauseFlagTests.swift in Sources */ = {isa = PBXBuildFile; fileRef = 874288861DFF7A7800E13B40 /* SK4PauseFlagTests.swift */; };
		874288E81DFF931700E13B40 /* SK4DateFormatterExt.swift in Sources */ = {isa = PBXBuildFile; fileRef = 874288E71DFF931700E13B40 /* SK4DateFormatterExt.swift */; };
		874C1B7F1E0B8887006FBEDA /* SK4ArrayExt.swift in Sources */ = {isa = PBXBuildFile; fileRef = 874C1B7E1E0B8887006FBEDA /* SK4ArrayExt.swift */; };
		878F1DD91E1213CC00055364 /* SK4FileManagerExt.swift in Sources */ = {isa = PBXBuildFile; fileRef = 878F1DD81E1213CC00055364 /* SK4FileManagerExt.swift */; };
		878F1DDB1E1214A400055364 /* SK4Library.swift in Sources */ = {isa = PBXBuildFile; fileRef = 878F1DDA1E1214A400055364 /* SK4Library.swift */; };
		878F1DDD1E12150E00055364 /* SK4Interpolation.swift in Sources */ = {isa = PBXBuildFile; fileRef = 878F1DDC1E12150E00055364 /* SK4Interpolation.swift */; };
		878F1DDF1E1215DB00055364 /* SK4CGContextExt.swift in Sources */ = {isa = PBXBuildFile; fileRef = 878F1DDE1E1215DB00055364 /* SK4CGContextExt.swift */; };
		878F1DE11E12161A00055364 /* SK4UIDeviceExt.swift in Sources */ = {isa = PBXBuildFile; fileRef = 878F1DE01E12161A00055364 /* SK4UIDeviceExt.swift */; };
		878F1DE31E12169C00055364 /* SK4NearlyEqual.swift in Sources */ = {isa = PBXBuildFile; fileRef = 878F1DE21E12169C00055364 /* SK4NearlyEqual.swift */; };
		878F1DE51E12171900055364 /* SK4AutoLayout.swift in Sources */ = {isa = PBXBuildFile; fileRef = 878F1DE41E12171900055364 /* SK4AutoLayout.swift */; };
		878F1DE71E1217BF00055364 /* SK4TextViewAdmin.swift in Sources */ = {isa = PBXBuildFile; fileRef = 878F1DE61E1217BF00055364 /* SK4TextViewAdmin.swift */; };
		878F1DE91E1218C400055364 /* SK4ColorPicker.swift in Sources */ = {isa = PBXBuildFile; fileRef = 878F1DE81E1218C400055364 /* SK4ColorPicker.swift */; };
		878F1DEB1E1219A200055364 /* SK4PickerViewAdmin.swift in Sources */ = {isa = PBXBuildFile; fileRef = 878F1DEA1E1219A200055364 /* SK4PickerViewAdmin.swift */; };
		87A77BEA1E0C8600009E4570 /* SK4TableViewModel.swift in Sources */ = {isa = PBXBuildFile; fileRef = 87A77BE91E0C8600009E4570 /* SK4TableViewModel.swift */; };
		87B04E231E0E5D02002E3600 /* SK4ArrayWithHook.swift in Sources */ = {isa = PBXBuildFile; fileRef = 87B04E221E0E5D02002E3600 /* SK4ArrayWithHook.swift */; };
/* End PBXBuildFile section */

/* Begin PBXContainerItemProxy section */
		874288641DFF79E100E13B40 /* PBXContainerItemProxy */ = {
			isa = PBXContainerItemProxy;
			containerPortal = 874288501DFF79E100E13B40 /* Project object */;
			proxyType = 1;
			remoteGlobalIDString = 874288581DFF79E100E13B40;
			remoteInfo = SK4Library;
		};
/* End PBXContainerItemProxy section */

/* Begin PBXFileReference section */
		870446871E00E97800742A9C /* SK4KeyboardObserver.swift */ = {isa = PBXFileReference; fileEncoding = 4; lastKnownFileType = sourcecode.swift; name = SK4KeyboardObserver.swift; path = gui/SK4KeyboardObserver.swift; sourceTree = "<group>"; };
		870446881E00E97800742A9C /* SK4KeyboardUserInfo.swift */ = {isa = PBXFileReference; fileEncoding = 4; lastKnownFileType = sourcecode.swift; name = SK4KeyboardUserInfo.swift; path = gui/SK4KeyboardUserInfo.swift; sourceTree = "<group>"; };
		870EDD221E10BB7700EA3A9F /* SK4UIColorExt.swift */ = {isa = PBXFileReference; fileEncoding = 4; lastKnownFileType = sourcecode.swift; name = SK4UIColorExt.swift; path = extention/SK4UIColorExt.swift; sourceTree = "<group>"; };
		870F7B261E0DC24B000BB14B /* SK4CollectionExt.swift */ = {isa = PBXFileReference; fileEncoding = 4; lastKnownFileType = sourcecode.swift; name = SK4CollectionExt.swift; path = extention/SK4CollectionExt.swift; sourceTree = "<group>"; };
		870F7B271E0DC24B000BB14B /* SK4UIControlExt.swift */ = {isa = PBXFileReference; fileEncoding = 4; lastKnownFileType = sourcecode.swift; name = SK4UIControlExt.swift; path = extention/SK4UIControlExt.swift; sourceTree = "<group>"; };
		870F7B2A1E0DC27A000BB14B /* SK4TargetAction.swift */ = {isa = PBXFileReference; fileEncoding = 4; lastKnownFileType = sourcecode.swift; name = SK4TargetAction.swift; path = gui/SK4TargetAction.swift; sourceTree = "<group>"; };
		870F7B2B1E0DC27A000BB14B /* SK4TextFieldAdmin.swift */ = {isa = PBXFileReference; fileEncoding = 4; lastKnownFileType = sourcecode.swift; name = SK4TextFieldAdmin.swift; path = gui/SK4TextFieldAdmin.swift; sourceTree = "<group>"; };
		87165C861E0DBC3200317F33 /* SK4TableViewAdmin.swift */ = {isa = PBXFileReference; fileEncoding = 4; lastKnownFileType = sourcecode.swift; name = SK4TableViewAdmin.swift; path = gui/SK4TableViewAdmin.swift; sourceTree = "<group>"; };
		87165C871E0DBC3200317F33 /* SK4TableViewSection.swift */ = {isa = PBXFileReference; fileEncoding = 4; lastKnownFileType = sourcecode.swift; name = SK4TableViewSection.swift; path = gui/SK4TableViewSection.swift; sourceTree = "<group>"; };
		874288591DFF79E100E13B40 /* SK4Library.framework */ = {isa = PBXFileReference; explicitFileType = wrapper.framework; includeInIndex = 0; path = SK4Library.framework; sourceTree = BUILT_PRODUCTS_DIR; };
		8742885C1DFF79E100E13B40 /* SK4Library.h */ = {isa = PBXFileReference; lastKnownFileType = sourcecode.c.h; path = SK4Library.h; sourceTree = "<group>"; };
		8742885D1DFF79E100E13B40 /* Info.plist */ = {isa = PBXFileReference; lastKnownFileType = text.plist.xml; path = Info.plist; sourceTree = "<group>"; };
		874288621DFF79E100E13B40 /* SK4LibraryTests.xctest */ = {isa = PBXFileReference; explicitFileType = wrapper.cfbundle; includeInIndex = 0; path = SK4LibraryTests.xctest; sourceTree = BUILT_PRODUCTS_DIR; };
		874288671DFF79E100E13B40 /* SK4LibraryTests.swift */ = {isa = PBXFileReference; lastKnownFileType = sourcecode.swift; path = SK4LibraryTests.swift; sourceTree = "<group>"; };
		874288691DFF79E100E13B40 /* Info.plist */ = {isa = PBXFileReference; lastKnownFileType = text.plist.xml; path = Info.plist; sourceTree = "<group>"; };
		874288731DFF7A3700E13B40 /* SK4LeakCheck.swift */ = {isa = PBXFileReference; fileEncoding = 4; lastKnownFileType = sourcecode.swift; name = SK4LeakCheck.swift; path = core/SK4LeakCheck.swift; sourceTree = "<group>"; };
		874288741DFF7A3700E13B40 /* SK4Notify.swift */ = {isa = PBXFileReference; fileEncoding = 4; lastKnownFileType = sourcecode.swift; name = SK4Notify.swift; path = core/SK4Notify.swift; sourceTree = "<group>"; };
		874288751DFF7A3700E13B40 /* SK4PauseFlag.swift */ = {isa = PBXFileReference; fileEncoding = 4; lastKnownFileType = sourcecode.swift; name = SK4PauseFlag.swift; path = core/SK4PauseFlag.swift; sourceTree = "<group>"; };
		874288791DFF7A4300E13B40 /* SK4DispatchQueueExt.swift */ = {isa = PBXFileReference; fileEncoding = 4; lastKnownFileType = sourcecode.swift; name = SK4DispatchQueueExt.swift; path = extention/SK4DispatchQueueExt.swift; sourceTree = "<group>"; };
		8742887A1DFF7A4300E13B40 /* SK4StringExt.swift */ = {isa = PBXFileReference; fileEncoding = 4; lastKnownFileType = sourcecode.swift; name = SK4StringExt.swift; path = extention/SK4StringExt.swift; sourceTree = "<group>"; };
		8742887B1DFF7A4300E13B40 /* SK4UIBarButtonItemExt.swift */ = {isa = PBXFileReference; fileEncoding = 4; lastKnownFileType = sourcecode.swift; name = SK4UIBarButtonItemExt.swift; path = extention/SK4UIBarButtonItemExt.swift; sourceTree = "<group>"; };
		874288801DFF7A4D00E13B40 /* SK4TableViewController.swift */ = {isa = PBXFileReference; fileEncoding = 4; lastKnownFileType = sourcecode.swift; name = SK4TableViewController.swift; path = gui/SK4TableViewController.swift; sourceTree = "<group>"; };
		874288861DFF7A7800E13B40 /* SK4PauseFlagTests.swift */ = {isa = PBXFileReference; fileEncoding = 4; lastKnownFileType = sourcecode.swift; path = SK4PauseFlagTests.swift; sourceTree = "<group>"; };
		874288E71DFF931700E13B40 /* SK4DateFormatterExt.swift */ = {isa = PBXFileReference; fileEncoding = 4; lastKnownFileType = sourcecode.swift; name = SK4DateFormatterExt.swift; path = extention/SK4DateFormatterExt.swift; sourceTree = "<group>"; };
		874C1B7E1E0B8887006FBEDA /* SK4ArrayExt.swift */ = {isa = PBXFileReference; fileEncoding = 4; lastKnownFileType = sourcecode.swift; name = SK4ArrayExt.swift; path = extention/SK4ArrayExt.swift; sourceTree = "<group>"; };
		878F1DD81E1213CC00055364 /* SK4FileManagerExt.swift */ = {isa = PBXFileReference; fileEncoding = 4; lastKnownFileType = sourcecode.swift; name = SK4FileManagerExt.swift; path = extention/SK4FileManagerExt.swift; sourceTree = "<group>"; };
		878F1DDA1E1214A400055364 /* SK4Library.swift */ = {isa = PBXFileReference; fileEncoding = 4; lastKnownFileType = sourcecode.swift; path = SK4Library.swift; sourceTree = "<group>"; };
		878F1DDC1E12150E00055364 /* SK4Interpolation.swift */ = {isa = PBXFileReference; fileEncoding = 4; lastKnownFileType = sourcecode.swift; name = SK4Interpolation.swift; path = core/SK4Interpolation.swift; sourceTree = "<group>"; };
		878F1DDE1E1215DB00055364 /* SK4CGContextExt.swift */ = {isa = PBXFileReference; fileEncoding = 4; lastKnownFileType = sourcecode.swift; name = SK4CGContextExt.swift; path = extention/SK4CGContextExt.swift; sourceTree = "<group>"; };
		878F1DE01E12161A00055364 /* SK4UIDeviceExt.swift */ = {isa = PBXFileReference; fileEncoding = 4; lastKnownFileType = sourcecode.swift; name = SK4UIDeviceExt.swift; path = extention/SK4UIDeviceExt.swift; sourceTree = "<group>"; };
		878F1DE21E12169C00055364 /* SK4NearlyEqual.swift */ = {isa = PBXFileReference; fileEncoding = 4; lastKnownFileType = sourcecode.swift; name = SK4NearlyEqual.swift; path = core/SK4NearlyEqual.swift; sourceTree = "<group>"; };
		878F1DE41E12171900055364 /* SK4AutoLayout.swift */ = {isa = PBXFileReference; fileEncoding = 4; lastKnownFileType = sourcecode.swift; name = SK4AutoLayout.swift; path = gui/SK4AutoLayout.swift; sourceTree = "<group>"; };
		878F1DE61E1217BF00055364 /* SK4TextViewAdmin.swift */ = {isa = PBXFileReference; fileEncoding = 4; lastKnownFileType = sourcecode.swift; name = SK4TextViewAdmin.swift; path = gui/SK4TextViewAdmin.swift; sourceTree = "<group>"; };
		878F1DE81E1218C400055364 /* SK4ColorPicker.swift */ = {isa = PBXFileReference; fileEncoding = 4; lastKnownFileType = sourcecode.swift; name = SK4ColorPicker.swift; path = gui/SK4ColorPicker.swift; sourceTree = "<group>"; };
		878F1DEA1E1219A200055364 /* SK4PickerViewAdmin.swift */ = {isa = PBXFileReference; fileEncoding = 4; lastKnownFileType = sourcecode.swift; name = SK4PickerViewAdmin.swift; path = gui/SK4PickerViewAdmin.swift; sourceTree = "<group>"; };
		87A77BE91E0C8600009E4570 /* SK4TableViewModel.swift */ = {isa = PBXFileReference; fileEncoding = 4; lastKnownFileType = sourcecode.swift; name = SK4TableViewModel.swift; path = gui/SK4TableViewModel.swift; sourceTree = "<group>"; };
		87B04E221E0E5D02002E3600 /* SK4ArrayWithHook.swift */ = {isa = PBXFileReference; fileEncoding = 4; lastKnownFileType = sourcecode.swift; name = SK4ArrayWithHook.swift; path = core/SK4ArrayWithHook.swift; sourceTree = "<group>"; };
/* End PBXFileReference section */

/* Begin PBXFrameworksBuildPhase section */
		874288551DFF79E100E13B40 /* Frameworks */ = {
			isa = PBXFrameworksBuildPhase;
			buildActionMask = 2147483647;
			files = (
			);
			runOnlyForDeploymentPostprocessing = 0;
		};
		8742885F1DFF79E100E13B40 /* Frameworks */ = {
			isa = PBXFrameworksBuildPhase;
			buildActionMask = 2147483647;
			files = (
				874288631DFF79E100E13B40 /* SK4Library.framework in Frameworks */,
			);
			runOnlyForDeploymentPostprocessing = 0;
		};
/* End PBXFrameworksBuildPhase section */

/* Begin PBXGroup section */
		8742884F1DFF79E100E13B40 = {
			isa = PBXGroup;
			children = (
				8742885B1DFF79E100E13B40 /* SK4Library */,
				874288661DFF79E100E13B40 /* SK4LibraryTests */,
				8742885A1DFF79E100E13B40 /* Products */,
			);
			sourceTree = "<group>";
		};
		8742885A1DFF79E100E13B40 /* Products */ = {
			isa = PBXGroup;
			children = (
				874288591DFF79E100E13B40 /* SK4Library.framework */,
				874288621DFF79E100E13B40 /* SK4LibraryTests.xctest */,
			);
			name = Products;
			sourceTree = "<group>";
		};
		8742885B1DFF79E100E13B40 /* SK4Library */ = {
			isa = PBXGroup;
			children = (
				8742885C1DFF79E100E13B40 /* SK4Library.h */,
				878F1DDA1E1214A400055364 /* SK4Library.swift */,
				874288851DFF7A6900E13B40 /* core */,
				874288841DFF7A6200E13B40 /* extention */,
				874288831DFF7A5200E13B40 /* gui */,
				8742885D1DFF79E100E13B40 /* Info.plist */,
			);
			path = SK4Library;
			sourceTree = "<group>";
		};
		874288661DFF79E100E13B40 /* SK4LibraryTests */ = {
			isa = PBXGroup;
			children = (
				874288671DFF79E100E13B40 /* SK4LibraryTests.swift */,
				874288861DFF7A7800E13B40 /* SK4PauseFlagTests.swift */,
				874288691DFF79E100E13B40 /* Info.plist */,
			);
			path = SK4LibraryTests;
			sourceTree = "<group>";
		};
		874288831DFF7A5200E13B40 /* gui */ = {
			isa = PBXGroup;
			children = (
				878F1DE41E12171900055364 /* SK4AutoLayout.swift */,
				878F1DEA1E1219A200055364 /* SK4PickerViewAdmin.swift */,
				878F1DE81E1218C400055364 /* SK4ColorPicker.swift */,
				870446871E00E97800742A9C /* SK4KeyboardObserver.swift */,
				870446881E00E97800742A9C /* SK4KeyboardUserInfo.swift */,
				87165C861E0DBC3200317F33 /* SK4TableViewAdmin.swift */,
				874288801DFF7A4D00E13B40 /* SK4TableViewController.swift */,
				87A77BE91E0C8600009E4570 /* SK4TableViewModel.swift */,
				87165C871E0DBC3200317F33 /* SK4TableViewSection.swift */,
				870F7B2A1E0DC27A000BB14B /* SK4TargetAction.swift */,
				870F7B2B1E0DC27A000BB14B /* SK4TextFieldAdmin.swift */,
				878F1DE61E1217BF00055364 /* SK4TextViewAdmin.swift */,
			);
			name = gui;
			sourceTree = "<group>";
		};
		874288841DFF7A6200E13B40 /* extention */ = {
			isa = PBXGroup;
			children = (
				874C1B7E1E0B8887006FBEDA /* SK4ArrayExt.swift */,
				878F1DDE1E1215DB00055364 /* SK4CGContextExt.swift */,
				870F7B261E0DC24B000BB14B /* SK4CollectionExt.swift */,
				874288E71DFF931700E13B40 /* SK4DateFormatterExt.swift */,
				874288791DFF7A4300E13B40 /* SK4DispatchQueueExt.swift */,
				878F1DD81E1213CC00055364 /* SK4FileManagerExt.swift */,
				8742887A1DFF7A4300E13B40 /* SK4StringExt.swift */,
				8742887B1DFF7A4300E13B40 /* SK4UIBarButtonItemExt.swift */,
				870EDD221E10BB7700EA3A9F /* SK4UIColorExt.swift */,
				870F7B271E0DC24B000BB14B /* SK4UIControlExt.swift */,
				878F1DE01E12161A00055364 /* SK4UIDeviceExt.swift */,
			);
			name = extention;
			sourceTree = "<group>";
		};
		874288851DFF7A6900E13B40 /* core */ = {
			isa = PBXGroup;
			children = (
				87B04E221E0E5D02002E3600 /* SK4ArrayWithHook.swift */,
				878F1DDC1E12150E00055364 /* SK4Interpolation.swift */,
				874288731DFF7A3700E13B40 /* SK4LeakCheck.swift */,
				878F1DE21E12169C00055364 /* SK4NearlyEqual.swift */,
				874288741DFF7A3700E13B40 /* SK4Notify.swift */,
				874288751DFF7A3700E13B40 /* SK4PauseFlag.swift */,
			);
			name = core;
			sourceTree = "<group>";
		};
/* End PBXGroup section */

/* Begin PBXHeadersBuildPhase section */
		874288561DFF79E100E13B40 /* Headers */ = {
			isa = PBXHeadersBuildPhase;
			buildActionMask = 2147483647;
			files = (
				8742886A1DFF79E100E13B40 /* SK4Library.h in Headers */,
			);
			runOnlyForDeploymentPostprocessing = 0;
		};
/* End PBXHeadersBuildPhase section */

/* Begin PBXNativeTarget section */
		874288581DFF79E100E13B40 /* SK4Library */ = {
			isa = PBXNativeTarget;
			buildConfigurationList = 8742886D1DFF79E100E13B40 /* Build configuration list for PBXNativeTarget "SK4Library" */;
			buildPhases = (
				874288541DFF79E100E13B40 /* Sources */,
				874288551DFF79E100E13B40 /* Frameworks */,
				874288561DFF79E100E13B40 /* Headers */,
				874288571DFF79E100E13B40 /* Resources */,
			);
			buildRules = (
			);
			dependencies = (
			);
			name = SK4Library;
			productName = SK4Library;
			productReference = 874288591DFF79E100E13B40 /* SK4Library.framework */;
			productType = "com.apple.product-type.framework";
		};
		874288611DFF79E100E13B40 /* SK4LibraryTests */ = {
			isa = PBXNativeTarget;
			buildConfigurationList = 874288701DFF79E100E13B40 /* Build configuration list for PBXNativeTarget "SK4LibraryTests" */;
			buildPhases = (
				8742885E1DFF79E100E13B40 /* Sources */,
				8742885F1DFF79E100E13B40 /* Frameworks */,
				874288601DFF79E100E13B40 /* Resources */,
			);
			buildRules = (
			);
			dependencies = (
				874288651DFF79E100E13B40 /* PBXTargetDependency */,
			);
			name = SK4LibraryTests;
			productName = SK4LibraryTests;
			productReference = 874288621DFF79E100E13B40 /* SK4LibraryTests.xctest */;
			productType = "com.apple.product-type.bundle.unit-test";
		};
/* End PBXNativeTarget section */

/* Begin PBXProject section */
		874288501DFF79E100E13B40 /* Project object */ = {
			isa = PBXProject;
			attributes = {
				LastSwiftUpdateCheck = 0820;
				LastUpgradeCheck = 0820;
				ORGANIZATIONNAME = AxeRoad;
				TargetAttributes = {
					874288581DFF79E100E13B40 = {
						CreatedOnToolsVersion = 8.2;
						DevelopmentTeam = 37RZ8UJ54G;
						LastSwiftMigration = 0820;
						ProvisioningStyle = Automatic;
					};
					874288611DFF79E100E13B40 = {
						CreatedOnToolsVersion = 8.2;
						DevelopmentTeam = 37RZ8UJ54G;
						ProvisioningStyle = Automatic;
					};
				};
			};
			buildConfigurationList = 874288531DFF79E100E13B40 /* Build configuration list for PBXProject "SK4Library" */;
			compatibilityVersion = "Xcode 3.2";
			developmentRegion = English;
			hasScannedForEncodings = 0;
			knownRegions = (
				en,
			);
			mainGroup = 8742884F1DFF79E100E13B40;
			productRefGroup = 8742885A1DFF79E100E13B40 /* Products */;
			projectDirPath = "";
			projectRoot = "";
			targets = (
				874288581DFF79E100E13B40 /* SK4Library */,
				874288611DFF79E100E13B40 /* SK4LibraryTests */,
			);
		};
/* End PBXProject section */

/* Begin PBXResourcesBuildPhase section */
		874288571DFF79E100E13B40 /* Resources */ = {
			isa = PBXResourcesBuildPhase;
			buildActionMask = 2147483647;
			files = (
			);
			runOnlyForDeploymentPostprocessing = 0;
		};
		874288601DFF79E100E13B40 /* Resources */ = {
			isa = PBXResourcesBuildPhase;
			buildActionMask = 2147483647;
			files = (
			);
			runOnlyForDeploymentPostprocessing = 0;
		};
/* End PBXResourcesBuildPhase section */

/* Begin PBXSourcesBuildPhase section */
		874288541DFF79E100E13B40 /* Sources */ = {
			isa = PBXSourcesBuildPhase;
			buildActionMask = 2147483647;
			files = (
				874288821DFF7A4D00E13B40 /* SK4TableViewController.swift in Sources */,
				87165C881E0DBC3200317F33 /* SK4TableViewAdmin.swift in Sources */,
				87165C891E0DBC3200317F33 /* SK4TableViewSection.swift in Sources */,
				8742887D1DFF7A4300E13B40 /* SK4StringExt.swift in Sources */,
				870F7B291E0DC24B000BB14B /* SK4UIControlExt.swift in Sources */,
				874288E81DFF931700E13B40 /* SK4DateFormatterExt.swift in Sources */,
				874C1B7F1E0B8887006FBEDA /* SK4ArrayExt.swift in Sources */,
				870F7B2C1E0DC27A000BB14B /* SK4TargetAction.swift in Sources */,
				874288781DFF7A3700E13B40 /* SK4PauseFlag.swift in Sources */,
				8742887E1DFF7A4300E13B40 /* SK4UIBarButtonItemExt.swift in Sources */,
				878F1DD91E1213CC00055364 /* SK4FileManagerExt.swift in Sources */,
				874288761DFF7A3700E13B40 /* SK4LeakCheck.swift in Sources */,
				8704468A1E00E97800742A9C /* SK4KeyboardUserInfo.swift in Sources */,
				870F7B2D1E0DC27A000BB14B /* SK4TextFieldAdmin.swift in Sources */,
				87A77BEA1E0C8600009E4570 /* SK4TableViewModel.swift in Sources */,
				870446891E00E97800742A9C /* SK4KeyboardObserver.swift in Sources */,
				878F1DDB1E1214A400055364 /* SK4Library.swift in Sources */,
				8742887C1DFF7A4300E13B40 /* SK4DispatchQueueExt.swift in Sources */,
				878F1DE11E12161A00055364 /* SK4UIDeviceExt.swift in Sources */,
				878F1DDF1E1215DB00055364 /* SK4CGContextExt.swift in Sources */,
				87B04E231E0E5D02002E3600 /* SK4ArrayWithHook.swift in Sources */,
				878F1DEB1E1219A200055364 /* SK4PickerViewAdmin.swift in Sources */,
				870EDD231E10BB7700EA3A9F /* SK4UIColorExt.swift in Sources */,
				878F1DE91E1218C400055364 /* SK4ColorPicker.swift in Sources */,
				878F1DE31E12169C00055364 /* SK4NearlyEqual.swift in Sources */,
				878F1DDD1E12150E00055364 /* SK4Interpolation.swift in Sources */,
				878F1DE71E1217BF00055364 /* SK4TextViewAdmin.swift in Sources */,
				878F1DE51E12171900055364 /* SK4AutoLayout.swift in Sources */,
				874288771DFF7A3700E13B40 /* SK4Notify.swift in Sources */,
				870F7B281E0DC24B000BB14B /* SK4CollectionExt.swift in Sources */,
			);
			runOnlyForDeploymentPostprocessing = 0;
		};
		8742885E1DFF79E100E13B40 /* Sources */ = {
			isa = PBXSourcesBuildPhase;
			buildActionMask = 2147483647;
			files = (
				874288681DFF79E100E13B40 /* SK4LibraryTests.swift in Sources */,
				874288871DFF7A7800E13B40 /* SK4PauseFlagTests.swift in Sources */,
			);
			runOnlyForDeploymentPostprocessing = 0;
		};
/* End PBXSourcesBuildPhase section */

/* Begin PBXTargetDependency section */
		874288651DFF79E100E13B40 /* PBXTargetDependency */ = {
			isa = PBXTargetDependency;
			target = 874288581DFF79E100E13B40 /* SK4Library */;
			targetProxy = 874288641DFF79E100E13B40 /* PBXContainerItemProxy */;
		};
/* End PBXTargetDependency section */

/* Begin XCBuildConfiguration section */
		8742886B1DFF79E100E13B40 /* Debug */ = {
			isa = XCBuildConfiguration;
			buildSettings = {
				ALWAYS_SEARCH_USER_PATHS = NO;
				CLANG_ANALYZER_NONNULL = YES;
				CLANG_CXX_LANGUAGE_STANDARD = "gnu++0x";
				CLANG_CXX_LIBRARY = "libc++";
				CLANG_ENABLE_MODULES = YES;
				CLANG_ENABLE_OBJC_ARC = YES;
				CLANG_WARN_BOOL_CONVERSION = YES;
				CLANG_WARN_CONSTANT_CONVERSION = YES;
				CLANG_WARN_DIRECT_OBJC_ISA_USAGE = YES_ERROR;
				CLANG_WARN_DOCUMENTATION_COMMENTS = YES;
				CLANG_WARN_EMPTY_BODY = YES;
				CLANG_WARN_ENUM_CONVERSION = YES;
				CLANG_WARN_INFINITE_RECURSION = YES;
				CLANG_WARN_INT_CONVERSION = YES;
				CLANG_WARN_OBJC_ROOT_CLASS = YES_ERROR;
				CLANG_WARN_SUSPICIOUS_MOVE = YES;
				CLANG_WARN_UNREACHABLE_CODE = YES;
				CLANG_WARN__DUPLICATE_METHOD_MATCH = YES;
				"CODE_SIGN_IDENTITY[sdk=iphoneos*]" = "iPhone Developer";
				COPY_PHASE_STRIP = NO;
				CURRENT_PROJECT_VERSION = 1;
				DEBUG_INFORMATION_FORMAT = dwarf;
				ENABLE_STRICT_OBJC_MSGSEND = YES;
				ENABLE_TESTABILITY = YES;
				GCC_C_LANGUAGE_STANDARD = gnu99;
				GCC_DYNAMIC_NO_PIC = NO;
				GCC_NO_COMMON_BLOCKS = YES;
				GCC_OPTIMIZATION_LEVEL = 0;
				GCC_PREPROCESSOR_DEFINITIONS = (
					"DEBUG=1",
					"$(inherited)",
				);
				GCC_WARN_64_TO_32_BIT_CONVERSION = YES;
				GCC_WARN_ABOUT_RETURN_TYPE = YES_ERROR;
				GCC_WARN_UNDECLARED_SELECTOR = YES;
				GCC_WARN_UNINITIALIZED_AUTOS = YES_AGGRESSIVE;
				GCC_WARN_UNUSED_FUNCTION = YES;
				GCC_WARN_UNUSED_VARIABLE = YES;
				IPHONEOS_DEPLOYMENT_TARGET = 10.0;
				MTL_ENABLE_DEBUG_INFO = YES;
				ONLY_ACTIVE_ARCH = YES;
				SDKROOT = iphoneos;
				SWIFT_ACTIVE_COMPILATION_CONDITIONS = DEBUG;
				SWIFT_OPTIMIZATION_LEVEL = "-Onone";
				TARGETED_DEVICE_FAMILY = "1,2";
				VERSIONING_SYSTEM = "apple-generic";
				VERSION_INFO_PREFIX = "";
			};
			name = Debug;
		};
		8742886C1DFF79E100E13B40 /* Release */ = {
			isa = XCBuildConfiguration;
			buildSettings = {
				ALWAYS_SEARCH_USER_PATHS = NO;
				CLANG_ANALYZER_NONNULL = YES;
				CLANG_CXX_LANGUAGE_STANDARD = "gnu++0x";
				CLANG_CXX_LIBRARY = "libc++";
				CLANG_ENABLE_MODULES = YES;
				CLANG_ENABLE_OBJC_ARC = YES;
				CLANG_WARN_BOOL_CONVERSION = YES;
				CLANG_WARN_CONSTANT_CONVERSION = YES;
				CLANG_WARN_DIRECT_OBJC_ISA_USAGE = YES_ERROR;
				CLANG_WARN_DOCUMENTATION_COMMENTS = YES;
				CLANG_WARN_EMPTY_BODY = YES;
				CLANG_WARN_ENUM_CONVERSION = YES;
				CLANG_WARN_INFINITE_RECURSION = YES;
				CLANG_WARN_INT_CONVERSION = YES;
				CLANG_WARN_OBJC_ROOT_CLASS = YES_ERROR;
				CLANG_WARN_SUSPICIOUS_MOVE = YES;
				CLANG_WARN_UNREACHABLE_CODE = YES;
				CLANG_WARN__DUPLICATE_METHOD_MATCH = YES;
				"CODE_SIGN_IDENTITY[sdk=iphoneos*]" = "iPhone Developer";
				COPY_PHASE_STRIP = NO;
				CURRENT_PROJECT_VERSION = 1;
				DEBUG_INFORMATION_FORMAT = "dwarf-with-dsym";
				ENABLE_NS_ASSERTIONS = NO;
				ENABLE_STRICT_OBJC_MSGSEND = YES;
				GCC_C_LANGUAGE_STANDARD = gnu99;
				GCC_NO_COMMON_BLOCKS = YES;
				GCC_WARN_64_TO_32_BIT_CONVERSION = YES;
				GCC_WARN_ABOUT_RETURN_TYPE = YES_ERROR;
				GCC_WARN_UNDECLARED_SELECTOR = YES;
				GCC_WARN_UNINITIALIZED_AUTOS = YES_AGGRESSIVE;
				GCC_WARN_UNUSED_FUNCTION = YES;
				GCC_WARN_UNUSED_VARIABLE = YES;
				IPHONEOS_DEPLOYMENT_TARGET = 10.0;
				MTL_ENABLE_DEBUG_INFO = NO;
				SDKROOT = iphoneos;
				SWIFT_OPTIMIZATION_LEVEL = "-Owholemodule";
				TARGETED_DEVICE_FAMILY = "1,2";
				VALIDATE_PRODUCT = YES;
				VERSIONING_SYSTEM = "apple-generic";
				VERSION_INFO_PREFIX = "";
			};
			name = Release;
		};
		8742886E1DFF79E100E13B40 /* Debug */ = {
			isa = XCBuildConfiguration;
			buildSettings = {
				CLANG_ENABLE_MODULES = YES;
				CODE_SIGN_IDENTITY = "";
				DEFINES_MODULE = YES;
				DEVELOPMENT_TEAM = 37RZ8UJ54G;
				DYLIB_COMPATIBILITY_VERSION = 1;
				DYLIB_CURRENT_VERSION = 1;
				DYLIB_INSTALL_NAME_BASE = "@rpath";
				INFOPLIST_FILE = SK4Library/Info.plist;
				INSTALL_PATH = "$(LOCAL_LIBRARY_DIR)/Frameworks";
				LD_RUNPATH_SEARCH_PATHS = "$(inherited) @executable_path/Frameworks @loader_path/Frameworks";
				OTHER_SWIFT_FLAGS = "-D DEBUG -Xfrontend -warn-long-function-bodies=100";
				PRODUCT_BUNDLE_IDENTIFIER = "com.see-ku.SK4Library";
				PRODUCT_NAME = "$(TARGET_NAME)";
				SKIP_INSTALL = YES;
				SWIFT_OPTIMIZATION_LEVEL = "-Onone";
				SWIFT_VERSION = 3.0;
			};
			name = Debug;
		};
		8742886F1DFF79E100E13B40 /* Release */ = {
			isa = XCBuildConfiguration;
			buildSettings = {
				CLANG_ENABLE_MODULES = YES;
				CODE_SIGN_IDENTITY = "";
				DEFINES_MODULE = YES;
				DEVELOPMENT_TEAM = 37RZ8UJ54G;
				DYLIB_COMPATIBILITY_VERSION = 1;
				DYLIB_CURRENT_VERSION = 1;
				DYLIB_INSTALL_NAME_BASE = "@rpath";
				INFOPLIST_FILE = SK4Library/Info.plist;
				INSTALL_PATH = "$(LOCAL_LIBRARY_DIR)/Frameworks";
				LD_RUNPATH_SEARCH_PATHS = "$(inherited) @executable_path/Frameworks @loader_path/Frameworks";
				PRODUCT_BUNDLE_IDENTIFIER = "com.see-ku.SK4Library";
				PRODUCT_NAME = "$(TARGET_NAME)";
				SKIP_INSTALL = YES;
				SWIFT_VERSION = 3.0;
			};
			name = Release;
		};
		874288711DFF79E100E13B40 /* Debug */ = {
			isa = XCBuildConfiguration;
			buildSettings = {
				ALWAYS_EMBED_SWIFT_STANDARD_LIBRARIES = YES;
				DEVELOPMENT_TEAM = 37RZ8UJ54G;
				INFOPLIST_FILE = SK4LibraryTests/Info.plist;
				LD_RUNPATH_SEARCH_PATHS = "$(inherited) @executable_path/Frameworks @loader_path/Frameworks";
				PRODUCT_BUNDLE_IDENTIFIER = "com.see-ku.SK4LibraryTests";
				PRODUCT_NAME = "$(TARGET_NAME)";
				SWIFT_VERSION = 3.0;
			};
			name = Debug;
		};
		874288721DFF79E100E13B40 /* Release */ = {
			isa = XCBuildConfiguration;
			buildSettings = {
				ALWAYS_EMBED_SWIFT_STANDARD_LIBRARIES = YES;
				DEVELOPMENT_TEAM = 37RZ8UJ54G;
				INFOPLIST_FILE = SK4LibraryTests/Info.plist;
				LD_RUNPATH_SEARCH_PATHS = "$(inherited) @executable_path/Frameworks @loader_path/Frameworks";
				PRODUCT_BUNDLE_IDENTIFIER = "com.see-ku.SK4LibraryTests";
				PRODUCT_NAME = "$(TARGET_NAME)";
				SWIFT_VERSION = 3.0;
			};
			name = Release;
		};
/* End XCBuildConfiguration section */

/* Begin XCConfigurationList section */
		874288531DFF79E100E13B40 /* Build configuration list for PBXProject "SK4Library" */ = {
			isa = XCConfigurationList;
			buildConfigurations = (
				8742886B1DFF79E100E13B40 /* Debug */,
				8742886C1DFF79E100E13B40 /* Release */,
			);
			defaultConfigurationIsVisible = 0;
			defaultConfigurationName = Release;
		};
		8742886D1DFF79E100E13B40 /* Build configuration list for PBXNativeTarget "SK4Library" */ = {
			isa = XCConfigurationList;
			buildConfigurations = (
				8742886E1DFF79E100E13B40 /* Debug */,
				8742886F1DFF79E100E13B40 /* Release */,
			);
			defaultConfigurationIsVisible = 0;
			defaultConfigurationName = Release;
		};
		874288701DFF79E100E13B40 /* Build configuration list for PBXNativeTarget "SK4LibraryTests" */ = {
			isa = XCConfigurationList;
			buildConfigurations = (
				874288711DFF79E100E13B40 /* Debug */,
				874288721DFF79E100E13B40 /* Release */,
			);
			defaultConfigurationIsVisible = 0;
			defaultConfigurationName = Release;
		};
/* End XCConfigurationList section */
	};
	rootObject = 874288501DFF79E100E13B40 /* Project object */;
}
